{
  "name": "my-mail",
  "version": "1.0.0",
  "lockfileVersion": 1,
  "requires": true,
  "dependencies": {
    "node-mail": {
      "version": "1.0.7",
      "resolved": "https://registry.npmjs.org/node-mail/-/node-mail-1.0.7.tgz",
      "integrity": "sha1-wqkzGCe5hI+XWDZHRCDYHV6gCeo=",
      "requires": {
        "nodemailer": "4.4.1",
        "xoauth2": "1.2.0"
      }
    },
    "nodemailer": {
      "version": "4.4.1",
      "resolved": "https://registry.npmjs.org/nodemailer/-/nodemailer-4.4.1.tgz",
      "integrity": "sha512-1bnszJJXatcHJhLpxQ1XMkLDjCjPKvGKMtRQ73FOsoNln3UQjddEQmz6fAwM3aj0GtQ3dQX9qtMHPelz63GU7A=="
    },
    "xoauth2": {
      "version": "1.2.0",
      "resolved": "https://registry.npmjs.org/xoauth2/-/xoauth2-1.2.0.tgz",
      "integrity": "sha1-8u76wRRyyXHqO8RuVU60sSMhRuU="
    }
  }
}
